
Microsoft Visual Studio Solution File, Format Version 12.00
# Visual Studio Version 16
VisualStudioVersion = 16.0.33328.57
MinimumVisualStudioVersion = 10.0.40219.1
Project("{8BC9CEB8-8B4A-11D0-8D11-00A0C91BC942}") = "Container With Most Water", "Container With Most Water\Container With Most Water.vcxproj", "{0C8E0974-C9BE-4943-B983-676568603057}"
EndProject
Global
	GlobalSection(SolutionConfigurationPlatforms) = preSolution
		Debug|x64 = Debug|x64
		Debug|x86 = Debug|x86
		Release|x64 = Release|x64
		Release|x86 = Release|x86
	EndGlobalSection
	GlobalSection(ProjectConfigurationPlatforms) = postSolution
		{0C8E0974-C9BE-4943-B983-676568603057}.Debug|x64.ActiveCfg = Debug|x64
		{0C8E0974-C9BE-4943-B983-676568603057}.Debug|x64.Build.0 = Debug|x64
		{0C8E0974-C9BE-4943-B983-676568603057}.Debug|x86.ActiveCfg = Debug|Win32
		{0C8E0974-C9BE-4943-B983-676568603057}.Debug|x86.Build.0 = Debug|Win32
		{0C8E0974-C9BE-4943-B983-676568603057}.Release|x64.ActiveCfg = Release|x64
		{0C8E0974-C9BE-4943-B983-676568603057}.Release|x64.Build.0 = Release|x64
		{0C8E0974-C9BE-4943-B983-676568603057}.Release|x86.ActiveCfg = Release|Win32
		{0C8E0974-C9BE-4943-B983-676568603057}.Release|x86.Build.0 = Release|Win32
	EndGlobalSection
	GlobalSection(SolutionProperties) = preSolution
		HideSolutionNode = FALSE
	EndGlobalSection
	GlobalSection(ExtensibilityGlobals) = postSolution
		SolutionGuid = {9771485F-EB36-48DA-8825-66A94549EB67}
	EndGlobalSection
EndGlobal
